// !$*UTF8*$!
{
	archiveVersion = 1;
	classes = {
	};
	objectVersion = 46;
	objects = {

/* Begin PBXBuildFile section */
		1D702F6619588048007A98AF /* AuthenticationManager.m in Sources */ = {isa = PBXBuildFile; fileRef = 1D702F6519588048007A98AF /* AuthenticationManager.m */; };
		4D1E245BB97044EB8E8159A7 /* libPods.a in Frameworks */ = {isa = PBXBuildFile; fileRef = 1439B64EF3BC473184B6BCB2 /* libPods.a */; };
		50498EB9195B24EE007ED8E2 /* DeviceId.m in Sources */ = {isa = PBXBuildFile; fileRef = 50498EB8195B24EE007ED8E2 /* DeviceId.m */; };
		661C939D687DFA367F02A444 /* SNLUserDeviceKeys.m in Sources */ = {isa = PBXBuildFile; fileRef = 661C9225A6865A21E4FE7DDC /* SNLUserDeviceKeys.m */; };
		DCFB4494136F7202004B3EE0 /* UIKit.framework in Frameworks */ = {isa = PBXBuildFile; fileRef = DCFB4493136F7202004B3EE0 /* UIKit.framework */; };
		DCFB4496136F7202004B3EE0 /* Foundation.framework in Frameworks */ = {isa = PBXBuildFile; fileRef = DCFB4495136F7202004B3EE0 /* Foundation.framework */; };
		DCFB4498136F7202004B3EE0 /* CoreGraphics.framework in Frameworks */ = {isa = PBXBuildFile; fileRef = DCFB4497136F7202004B3EE0 /* CoreGraphics.framework */; };
		DCFB449E136F7203004B3EE0 /* InfoPlist.strings in Resources */ = {isa = PBXBuildFile; fileRef = DCFB449C136F7203004B3EE0 /* InfoPlist.strings */; };
		DCFB44A1136F7203004B3EE0 /* main.m in Sources */ = {isa = PBXBuildFile; fileRef = DCFB44A0136F7203004B3EE0 /* main.m */; };
		DCFB44A4136F7203004B3EE0 /* EmbedReaderAppDelegate.m in Sources */ = {isa = PBXBuildFile; fileRef = DCFB44A3136F7203004B3EE0 /* EmbedReaderAppDelegate.m */; };
		DCFB44A7136F7203004B3EE0 /* MainWindow.xib in Resources */ = {isa = PBXBuildFile; fileRef = DCFB44A5136F7203004B3EE0 /* MainWindow.xib */; };
		DCFB44AA136F7203004B3EE0 /* EmbedReaderViewController.m in Sources */ = {isa = PBXBuildFile; fileRef = DCFB44A9136F7203004B3EE0 /* EmbedReaderViewController.m */; };
		DCFB44AD136F7203004B3EE0 /* EmbedReaderViewController.xib in Resources */ = {isa = PBXBuildFile; fileRef = DCFB44AB136F7203004B3EE0 /* EmbedReaderViewController.xib */; };
		DCFB44DA136F72D3004B3EE0 /* AVFoundation.framework in Frameworks */ = {isa = PBXBuildFile; fileRef = DCFB44D5136F72D3004B3EE0 /* AVFoundation.framework */; };
		DCFB44DB136F72D3004B3EE0 /* CoreMedia.framework in Frameworks */ = {isa = PBXBuildFile; fileRef = DCFB44D6136F72D3004B3EE0 /* CoreMedia.framework */; };
		DCFB44DC136F72D3004B3EE0 /* CoreVideo.framework in Frameworks */ = {isa = PBXBuildFile; fileRef = DCFB44D7136F72D3004B3EE0 /* CoreVideo.framework */; };
		DCFB44DD136F72D3004B3EE0 /* libiconv.dylib in Frameworks */ = {isa = PBXBuildFile; fileRef = DCFB44D8136F72D3004B3EE0 /* libiconv.dylib */; };
		DCFB44DE136F72D3004B3EE0 /* QuartzCore.framework in Frameworks */ = {isa = PBXBuildFile; fileRef = DCFB44D9136F72D3004B3EE0 /* QuartzCore.framework */; };
/* End PBXBuildFile section */

/* Begin PBXFileReference section */
		1439B64EF3BC473184B6BCB2 /* libPods.a */ = {isa = PBXFileReference; explicitFileType = archive.ar; includeInIndex = 0; path = libPods.a; sourceTree = BUILT_PRODUCTS_DIR; };
		1D702F6419588048007A98AF /* AuthenticationManager.h */ = {isa = PBXFileReference; fileEncoding = 4; lastKnownFileType = sourcecode.c.h; path = AuthenticationManager.h; sourceTree = "<group>"; };
		1D702F6519588048007A98AF /* AuthenticationManager.m */ = {isa = PBXFileReference; fileEncoding = 4; lastKnownFileType = sourcecode.c.objc; path = AuthenticationManager.m; sourceTree = "<group>"; };
		50498EB7195B24EE007ED8E2 /* DeviceId.h */ = {isa = PBXFileReference; fileEncoding = 4; lastKnownFileType = sourcecode.c.h; path = DeviceId.h; sourceTree = "<group>"; };
		50498EB8195B24EE007ED8E2 /* DeviceId.m */ = {isa = PBXFileReference; fileEncoding = 4; lastKnownFileType = sourcecode.c.objc; path = DeviceId.m; sourceTree = "<group>"; };
		661C9225A6865A21E4FE7DDC /* SNLUserDeviceKeys.m */ = {isa = PBXFileReference; fileEncoding = 4; lastKnownFileType = sourcecode.c.objc; path = SNLUserDeviceKeys.m; sourceTree = "<group>"; };
		661C953510219FFC31E8857D /* SNLUserDeviceKeys.h */ = {isa = PBXFileReference; fileEncoding = 4; lastKnownFileType = sourcecode.c.h; path = SNLUserDeviceKeys.h; sourceTree = "<group>"; };
		AFBD289F01A04A059DE61C24 /* Pods.xcconfig */ = {isa = PBXFileReference; includeInIndex = 1; lastKnownFileType = text.xcconfig; name = Pods.xcconfig; path = Pods/Pods.xcconfig; sourceTree = "<group>"; };
		DCFB448F136F7202004B3EE0 /* EmbedReader.app */ = {isa = PBXFileReference; explicitFileType = wrapper.application; includeInIndex = 0; path = EmbedReader.app; sourceTree = BUILT_PRODUCTS_DIR; };
		DCFB4493136F7202004B3EE0 /* UIKit.framework */ = {isa = PBXFileReference; lastKnownFileType = wrapper.framework; name = UIKit.framework; path = System/Library/Frameworks/UIKit.framework; sourceTree = SDKROOT; };
		DCFB4495136F7202004B3EE0 /* Foundation.framework */ = {isa = PBXFileReference; lastKnownFileType = wrapper.framework; name = Foundation.framework; path = System/Library/Frameworks/Foundation.framework; sourceTree = SDKROOT; };
		DCFB4497136F7202004B3EE0 /* CoreGraphics.framework */ = {isa = PBXFileReference; lastKnownFileType = wrapper.framework; name = CoreGraphics.framework; path = System/Library/Frameworks/CoreGraphics.framework; sourceTree = SDKROOT; };
		DCFB449B136F7202004B3EE0 /* EmbedReader-Info.plist */ = {isa = PBXFileReference; lastKnownFileType = text.plist.xml; path = "EmbedReader-Info.plist"; sourceTree = "<group>"; };
		DCFB449D136F7203004B3EE0 /* en */ = {isa = PBXFileReference; lastKnownFileType = text.plist.strings; name = en; path = en.lproj/InfoPlist.strings; sourceTree = "<group>"; };
		DCFB449F136F7203004B3EE0 /* EmbedReader-Prefix.pch */ = {isa = PBXFileReference; lastKnownFileType = sourcecode.c.h; path = "EmbedReader-Prefix.pch"; sourceTree = "<group>"; };
		DCFB44A0136F7203004B3EE0 /* main.m */ = {isa = PBXFileReference; lastKnownFileType = sourcecode.c.objc; path = main.m; sourceTree = "<group>"; };
		DCFB44A2136F7203004B3EE0 /* EmbedReaderAppDelegate.h */ = {isa = PBXFileReference; lastKnownFileType = sourcecode.c.h; path = EmbedReaderAppDelegate.h; sourceTree = "<group>"; };
		DCFB44A3136F7203004B3EE0 /* EmbedReaderAppDelegate.m */ = {isa = PBXFileReference; lastKnownFileType = sourcecode.c.objc; path = EmbedReaderAppDelegate.m; sourceTree = "<group>"; };
		DCFB44A6136F7203004B3EE0 /* en */ = {isa = PBXFileReference; lastKnownFileType = file.xib; name = en; path = en.lproj/MainWindow.xib; sourceTree = "<group>"; };
		DCFB44A8136F7203004B3EE0 /* EmbedReaderViewController.h */ = {isa = PBXFileReference; lastKnownFileType = sourcecode.c.h; path = EmbedReaderViewController.h; sourceTree = "<group>"; };
		DCFB44A9136F7203004B3EE0 /* EmbedReaderViewController.m */ = {isa = PBXFileReference; lastKnownFileType = sourcecode.c.objc; path = EmbedReaderViewController.m; sourceTree = "<group>"; };
		DCFB44AC136F7203004B3EE0 /* en */ = {isa = PBXFileReference; lastKnownFileType = file.xib; name = en; path = en.lproj/EmbedReaderViewController.xib; sourceTree = "<group>"; };
		DCFB44D5136F72D3004B3EE0 /* AVFoundation.framework */ = {isa = PBXFileReference; lastKnownFileType = wrapper.framework; name = AVFoundation.framework; path = System/Library/Frameworks/AVFoundation.framework; sourceTree = SDKROOT; };
		DCFB44D6136F72D3004B3EE0 /* CoreMedia.framework */ = {isa = PBXFileReference; lastKnownFileType = wrapper.framework; name = CoreMedia.framework; path = System/Library/Frameworks/CoreMedia.framework; sourceTree = SDKROOT; };
		DCFB44D7136F72D3004B3EE0 /* CoreVideo.framework */ = {isa = PBXFileReference; lastKnownFileType = wrapper.framework; name = CoreVideo.framework; path = System/Library/Frameworks/CoreVideo.framework; sourceTree = SDKROOT; };
		DCFB44D8136F72D3004B3EE0 /* libiconv.dylib */ = {isa = PBXFileReference; lastKnownFileType = "compiled.mach-o.dylib"; name = libiconv.dylib; path = usr/lib/libiconv.dylib; sourceTree = SDKROOT; };
		DCFB44D9136F72D3004B3EE0 /* QuartzCore.framework */ = {isa = PBXFileReference; lastKnownFileType = wrapper.framework; name = QuartzCore.framework; path = System/Library/Frameworks/QuartzCore.framework; sourceTree = SDKROOT; };
/* End PBXFileReference section */

/* Begin PBXFrameworksBuildPhase section */
		DCFB448C136F7202004B3EE0 /* Frameworks */ = {
			isa = PBXFrameworksBuildPhase;
			buildActionMask = 2147483647;
			files = (
				DCFB4494136F7202004B3EE0 /* UIKit.framework in Frameworks */,
				DCFB4496136F7202004B3EE0 /* Foundation.framework in Frameworks */,
				DCFB4498136F7202004B3EE0 /* CoreGraphics.framework in Frameworks */,
				DCFB44DE136F72D3004B3EE0 /* QuartzCore.framework in Frameworks */,
				DCFB44DB136F72D3004B3EE0 /* CoreMedia.framework in Frameworks */,
				DCFB44DC136F72D3004B3EE0 /* CoreVideo.framework in Frameworks */,
				DCFB44DA136F72D3004B3EE0 /* AVFoundation.framework in Frameworks */,
				DCFB44DD136F72D3004B3EE0 /* libiconv.dylib in Frameworks */,
				4D1E245BB97044EB8E8159A7 /* libPods.a in Frameworks */,
			);
			runOnlyForDeploymentPostprocessing = 0;
		};
/* End PBXFrameworksBuildPhase section */

/* Begin PBXGroup section */
		DCFB4484136F7202004B3EE0 = {
			isa = PBXGroup;
			children = (
				DCFB4499136F7202004B3EE0 /* EmbedReader */,
				DCFB4492136F7202004B3EE0 /* Frameworks */,
				DCFB4490136F7202004B3EE0 /* Products */,
				AFBD289F01A04A059DE61C24 /* Pods.xcconfig */,
			);
			sourceTree = "<group>";
		};
		DCFB4490136F7202004B3EE0 /* Products */ = {
			isa = PBXGroup;
			children = (
				DCFB448F136F7202004B3EE0 /* EmbedReader.app */,
			);
			name = Products;
			sourceTree = "<group>";
		};
		DCFB4492136F7202004B3EE0 /* Frameworks */ = {
			isa = PBXGroup;
			children = (
				DCFB4493136F7202004B3EE0 /* UIKit.framework */,
				DCFB4495136F7202004B3EE0 /* Foundation.framework */,
				DCFB4497136F7202004B3EE0 /* CoreGraphics.framework */,
				DCFB44D9136F72D3004B3EE0 /* QuartzCore.framework */,
				DCFB44D6136F72D3004B3EE0 /* CoreMedia.framework */,
				DCFB44D7136F72D3004B3EE0 /* CoreVideo.framework */,
				DCFB44D5136F72D3004B3EE0 /* AVFoundation.framework */,
				DCFB44D8136F72D3004B3EE0 /* libiconv.dylib */,
				1439B64EF3BC473184B6BCB2 /* libPods.a */,
			);
			name = Frameworks;
			sourceTree = "<group>";
		};
		DCFB4499136F7202004B3EE0 /* EmbedReader */ = {
			isa = PBXGroup;
			children = (
				DCFB44A2136F7203004B3EE0 /* EmbedReaderAppDelegate.h */,
				DCFB44A3136F7203004B3EE0 /* EmbedReaderAppDelegate.m */,
				DCFB44A5136F7203004B3EE0 /* MainWindow.xib */,
				DCFB44A8136F7203004B3EE0 /* EmbedReaderViewController.h */,
				DCFB44A9136F7203004B3EE0 /* EmbedReaderViewController.m */,
				DCFB44AB136F7203004B3EE0 /* EmbedReaderViewController.xib */,
				DCFB449A136F7202004B3EE0 /* Supporting Files */,
				1D702F6419588048007A98AF /* AuthenticationManager.h */,
				1D702F6519588048007A98AF /* AuthenticationManager.m */,
				50498EB7195B24EE007ED8E2 /* DeviceId.h */,
				50498EB8195B24EE007ED8E2 /* DeviceId.m */,
				661C9225A6865A21E4FE7DDC /* SNLUserDeviceKeys.m */,
				661C953510219FFC31E8857D /* SNLUserDeviceKeys.h */,
			);
			path = EmbedReader;
			sourceTree = "<group>";
		};
		DCFB449A136F7202004B3EE0 /* Supporting Files */ = {
			isa = PBXGroup;
			children = (
				DCFB449B136F7202004B3EE0 /* EmbedReader-Info.plist */,
				DCFB449C136F7203004B3EE0 /* InfoPlist.strings */,
				DCFB449F136F7203004B3EE0 /* EmbedReader-Prefix.pch */,
				DCFB44A0136F7203004B3EE0 /* main.m */,
			);
			name = "Supporting Files";
			sourceTree = "<group>";
		};
/* End PBXGroup section */

/* Begin PBXNativeTarget section */
		DCFB448E136F7202004B3EE0 /* SnapLogin */ = {
			isa = PBXNativeTarget;
			buildConfigurationList = DCFB44B0136F7203004B3EE0 /* Build configuration list for PBXNativeTarget "SnapLogin" */;
			buildPhases = (
				85B8B62401334E43AB3BA3D0 /* Check Pods Manifest.lock */,
				DCFB448B136F7202004B3EE0 /* Sources */,
				DCFB448C136F7202004B3EE0 /* Frameworks */,
				DCFB448D136F7202004B3EE0 /* Resources */,
				AA8F2FD2D9284B6A9760CFFE /* Copy Pods Resources */,
			);
			buildRules = (
			);
			dependencies = (
			);
			name = SnapLogin;
			productName = EmbedReader;
			productReference = DCFB448F136F7202004B3EE0 /* EmbedReader.app */;
			productType = "com.apple.product-type.application";
		};
/* End PBXNativeTarget section */

/* Begin PBXProject section */
		DCFB4486136F7202004B3EE0 /* Project object */ = {
			isa = PBXProject;
			attributes = {
				LastUpgradeCheck = 0600;
			};
			buildConfigurationList = DCFB4489136F7202004B3EE0 /* Build configuration list for PBXProject "EmbedReader" */;
			compatibilityVersion = "Xcode 3.2";
			developmentRegion = English;
			hasScannedForEncodings = 0;
			knownRegions = (
				en,
			);
			mainGroup = DCFB4484136F7202004B3EE0;
			productRefGroup = DCFB4490136F7202004B3EE0 /* Products */;
			projectDirPath = "";
			projectRoot = "";
			targets = (
				DCFB448E136F7202004B3EE0 /* SnapLogin */,
			);
		};
/* End PBXProject section */

/* Begin PBXResourcesBuildPhase section */
		DCFB448D136F7202004B3EE0 /* Resources */ = {
			isa = PBXResourcesBuildPhase;
			buildActionMask = 2147483647;
			files = (
				DCFB449E136F7203004B3EE0 /* InfoPlist.strings in Resources */,
				DCFB44A7136F7203004B3EE0 /* MainWindow.xib in Resources */,
				DCFB44AD136F7203004B3EE0 /* EmbedReaderViewController.xib in Resources */,
			);
			runOnlyForDeploymentPostprocessing = 0;
		};
/* End PBXResourcesBuildPhase section */

/* Begin PBXShellScriptBuildPhase section */
		85B8B62401334E43AB3BA3D0 /* Check Pods Manifest.lock */ = {
			isa = PBXShellScriptBuildPhase;
			buildActionMask = 2147483647;
			files = (
			);
			inputPaths = (
			);
			name = "Check Pods Manifest.lock";
			outputPaths = (
			);
			runOnlyForDeploymentPostprocessing = 0;
			shellPath = /bin/sh;
			shellScript = "diff \"${PODS_ROOT}/../Podfile.lock\" \"${PODS_ROOT}/Manifest.lock\" > /dev/null\nif [[ $? != 0 ]] ; then\n    cat << EOM\nerror: The sandbox is not in sync with the Podfile.lock. Run 'pod install' or update your CocoaPods installation.\nEOM\n    exit 1\nfi\n";
			showEnvVarsInLog = 0;
		};
		AA8F2FD2D9284B6A9760CFFE /* Copy Pods Resources */ = {
			isa = PBXShellScriptBuildPhase;
			buildActionMask = 2147483647;
			files = (
			);
			inputPaths = (
			);
			name = "Copy Pods Resources";
			outputPaths = (
			);
			runOnlyForDeploymentPostprocessing = 0;
			shellPath = /bin/sh;
			shellScript = "\"${SRCROOT}/Pods/Pods-resources.sh\"\n";
			showEnvVarsInLog = 0;
		};
/* End PBXShellScriptBuildPhase section */

/* Begin PBXSourcesBuildPhase section */
		DCFB448B136F7202004B3EE0 /* Sources */ = {
			isa = PBXSourcesBuildPhase;
			buildActionMask = 2147483647;
			files = (
				DCFB44A1136F7203004B3EE0 /* main.m in Sources */,
				50498EB9195B24EE007ED8E2 /* DeviceId.m in Sources */,
				1D702F6619588048007A98AF /* AuthenticationManager.m in Sources */,
				DCFB44A4136F7203004B3EE0 /* EmbedReaderAppDelegate.m in Sources */,
				DCFB44AA136F7203004B3EE0 /* EmbedReaderViewController.m in Sources */,
				661C939D687DFA367F02A444 /* SNLUserDeviceKeys.m in Sources */,
			);
			runOnlyForDeploymentPostprocessing = 0;
		};
/* End PBXSourcesBuildPhase section */

/* Begin PBXVariantGroup section */
		DCFB449C136F7203004B3EE0 /* InfoPlist.strings */ = {
			isa = PBXVariantGroup;
			children = (
				DCFB449D136F7203004B3EE0 /* en */,
			);
			name = InfoPlist.strings;
			sourceTree = "<group>";
		};
		DCFB44A5136F7203004B3EE0 /* MainWindow.xib */ = {
			isa = PBXVariantGroup;
			children = (
				DCFB44A6136F7203004B3EE0 /* en */,
			);
			name = MainWindow.xib;
			sourceTree = "<group>";
		};
		DCFB44AB136F7203004B3EE0 /* EmbedReaderViewController.xib */ = {
			isa = PBXVariantGroup;
			children = (
				DCFB44AC136F7203004B3EE0 /* en */,
			);
			name = EmbedReaderViewController.xib;
			sourceTree = "<group>";
		};
/* End PBXVariantGroup section */

/* Begin XCBuildConfiguration section */
		DCFB44AE136F7203004B3EE0 /* Debug */ = {
			isa = XCBuildConfiguration;
			buildSettings = {
				"CODE_SIGN_IDENTITY[sdk=iphoneos*]" = "iPhone Developer";
				GCC_C_LANGUAGE_STANDARD = gnu99;
				GCC_OPTIMIZATION_LEVEL = 0;
				GCC_PREPROCESSOR_DEFINITIONS = DEBUG;
				GCC_SYMBOLS_PRIVATE_EXTERN = NO;
				GCC_VERSION = "";
				GCC_WARN_ABOUT_RETURN_TYPE = YES;
				GCC_WARN_UNUSED_VARIABLE = YES;
				IPHONEOS_DEPLOYMENT_TARGET = 7.1;
				ONLY_ACTIVE_ARCH = YES;
				SDKROOT = iphoneos;
			};
			name = Debug;
		};
		DCFB44AF136F7203004B3EE0 /* Release */ = {
			isa = XCBuildConfiguration;
			buildSettings = {
				"CODE_SIGN_IDENTITY[sdk=iphoneos*]" = "iPhone Developer";
				GCC_C_LANGUAGE_STANDARD = gnu99;
				GCC_VERSION = "";
				GCC_WARN_ABOUT_RETURN_TYPE = YES;
				GCC_WARN_UNUSED_VARIABLE = YES;
				IPHONEOS_DEPLOYMENT_TARGET = 7.1;
				OTHER_CFLAGS = "-DNS_BLOCK_ASSERTIONS=1";
				SDKROOT = iphoneos;
			};
			name = Release;
		};
		DCFB44B1136F7203004B3EE0 /* Debug */ = {
			isa = XCBuildConfiguration;
			baseConfigurationReference = AFBD289F01A04A059DE61C24 /* Pods.xcconfig */;
			buildSettings = {
				ALWAYS_SEARCH_USER_PATHS = NO;
				COPY_PHASE_STRIP = NO;
				GCC_DYNAMIC_NO_PIC = NO;
				GCC_PRECOMPILE_PREFIX_HEADER = YES;
				GCC_PREFIX_HEADER = "EmbedReader/EmbedReader-Prefix.pch";
				GCC_VERSION = "";
				INFOPLIST_FILE = "EmbedReader/EmbedReader-Info.plist";
				IPHONEOS_DEPLOYMENT_TARGET = 6.1;
				LIBRARY_SEARCH_PATHS = (
					"$(inherited)",
					"\"$(SRCROOT)/ZBarSDK\"",
				);
				PRODUCT_NAME = "$(TARGET_NAME)";
				TARGETED_DEVICE_FAMILY = "1,2";
				USER_HEADER_SEARCH_PATHS = "\"${PROJECT_DIR}/Pods\"/**";
				WRAPPER_EXTENSION = app;
			};
			name = Debug;
		};
		DCFB44B2136F7203004B3EE0 /* Release */ = {
			isa = XCBuildConfiguration;
			baseConfigurationReference = AFBD289F01A04A059DE61C24 /* Pods.xcconfig */;
			buildSettings = {
				ALWAYS_SEARCH_USER_PATHS = NO;
				COPY_PHASE_STRIP = YES;
				GCC_PRECOMPILE_PREFIX_HEADER = YES;
				GCC_PREFIX_HEADER = "EmbedReader/EmbedReader-Prefix.pch";
				GCC_VERSION = "";
				INFOPLIST_FILE = "EmbedReader/EmbedReader-Info.plist";
				IPHONEOS_DEPLOYMENT_TARGET = 6.1;
				LIBRARY_SEARCH_PATHS = (
					"$(inherited)",
					"\"$(SRCROOT)/ZBarSDK\"",
				);
				PRODUCT_NAME = "$(TARGET_NAME)";
				TARGETED_DEVICE_FAMILY = "1,2";
				USER_HEADER_SEARCH_PATHS = "\"${PROJECT_DIR}/Pods\"/**";
				VALIDATE_PRODUCT = YES;
				WRAPPER_EXTENSION = app;
			};
			name = Release;
		};
/* End XCBuildConfiguration section */

/* Begin XCConfigurationList section */
		DCFB4489136F7202004B3EE0 /* Build configuration list for PBXProject "EmbedReader" */ = {
			isa = XCConfigurationList;
			buildConfigurations = (
				DCFB44AE136F7203004B3EE0 /* Debug */,
				DCFB44AF136F7203004B3EE0 /* Release */,
			);
			defaultConfigurationIsVisible = 0;
			defaultConfigurationName = Release;
		};
		DCFB44B0136F7203004B3EE0 /* Build configuration list for PBXNativeTarget "SnapLogin" */ = {
			isa = XCConfigurationList;
			buildConfigurations = (
				DCFB44B1136F7203004B3EE0 /* Debug */,
				DCFB44B2136F7203004B3EE0 /* Release */,
			);
			defaultConfigurationIsVisible = 0;
			defaultConfigurationName = Release;
		};
/* End XCConfigurationList section */
	};
	rootObject = DCFB4486136F7202004B3EE0 /* Project object */;
}
